
Microsoft Visual Studio Solution File, Format Version 12.00
# Visual Studio Version 16
VisualStudioVersion = 16.0.31410.357
MinimumVisualStudioVersion = 10.0.40219.1
Project("{FAE04EC0-301F-11D3-BF4B-00C04F79EFBC}") = "FactoryPattern", "FactoryPattern\FactoryPattern.csproj", "{D1E490E0-5434-484C-80FA-3EBCFB6A3D38}"
EndProject
Global
	GlobalSection(SolutionConfigurationPlatforms) = preSolution
		Debug|Any CPU = Debug|Any CPU
		Release|Any CPU = Release|Any CPU
	EndGlobalSection
	GlobalSection(ProjectConfigurationPlatforms) = postSolution
		{D1E490E0-5434-484C-80FA-3EBCFB6A3D38}.Debug|Any CPU.ActiveCfg = Debug|Any CPU
		{D1E490E0-5434-484C-80FA-3EBCFB6A3D38}.Debug|Any CPU.Build.0 = Debug|Any CPU
		{D1E490E0-5434-484C-80FA-3EBCFB6A3D38}.Release|Any CPU.ActiveCfg = Release|Any CPU
		{D1E490E0-5434-484C-80FA-3EBCFB6A3D38}.Release|Any CPU.Build.0 = Release|Any CPU
	EndGlobalSection
	GlobalSection(SolutionProperties) = preSolution
		HideSolutionNode = FALSE
	EndGlobalSection
	GlobalSection(ExtensibilityGlobals) = postSolution
		SolutionGuid = {CECBBB83-58A2-4B0F-BE34-A5EDA416C8F7}
	EndGlobalSection
EndGlobal
